{
  "nodes": {
    "antifennel": {
      "flake": false,
      "locked": {
        "lastModified": 1759706589,
        "narHash": "sha256-LPQLxq7WQHi6CXgdYy6FKz04efFT5p6xPwDx5qhAw50=",
        "owner": "~technomancy",
        "repo": "antifennel",
        "rev": "cea2f62b71c53eeb2bfe056625a87f1a9ddfcddf",
        "type": "sourcehut"
      },
      "original": {
        "owner": "~technomancy",
        "repo": "antifennel",
        "type": "sourcehut"
      }
    },
    "birdeevim": {
      "inputs": {
        "fenix": "fenix",
        "flake-parts": [
          "flake-parts"
        ],
        "flake-utils": [
          "flake-utils"
        ],
        "juan-logs-src": "juan-logs-src",
        "neovim-nightly-overlay": "neovim-nightly-overlay",
        "nix-appimage": [
          "nix-appimage"
        ],
        "nixpkgs": [
          "nixpkgs"
        ],
        "plugins-argmark": "plugins-argmark",
        "plugins-fn_finder": "plugins-fn_finder",
        "plugins-lze": "plugins-lze",
        "plugins-lzextras": "plugins-lzextras",
        "plugins-nvim-lspconfig": "plugins-nvim-lspconfig",
        "plugins-nvim-luaref": "plugins-nvim-luaref",
        "plugins-opencode-nvim": "plugins-opencode-nvim",
        "plugins-rustaceanvim": "plugins-rustaceanvim",
        "plugins-shelua": "plugins-shelua",
        "plugins-snacks-nvim": "plugins-snacks-nvim",
        "plugins-tmux-navigate": "plugins-tmux-navigate",
        "plugins-visual-whitespace": "plugins-visual-whitespace",
        "roc": "roc",
        "templ": [
          "templ"
        ],
        "tomlua": "tomlua",
        "wrappers": [
          "wrappers"
        ]
      },
      "locked": {
        "lastModified": 1773109573,
        "narHash": "sha256-QH2yIiUc57zBGu5x/DJDSctAAZQc+ODgcMmIrUdkXd0=",
        "owner": "BirdeeHub",
        "repo": "birdeevim",
        "rev": "fffc24310bf5592d7715548a7238fedca18c0e68",
        "type": "github"
      },
      "original": {
        "owner": "BirdeeHub",
        "repo": "birdeevim",
        "type": "github"
      }
    },
    "command-mode-xplr": {
      "flake": false,
      "locked": {
        "lastModified": 1755668163,
        "narHash": "sha256-Yt2x2ebSsvFVt05kTD7cWQiRy/ab/O3h+klhCeVXLHQ=",
        "owner": "sayanarijit",
        "repo": "command-mode.xplr",
        "rev": "fcb5176241b8de20ecd553a0f49644a1b4ce0139",
        "type": "github"
      },
      "original": {
        "owner": "sayanarijit",
        "repo": "command-mode.xplr",
        "type": "github"
      }
    },
    "determinate": {
      "inputs": {
        "determinate-nixd-aarch64-darwin": "determinate-nixd-aarch64-darwin",
        "determinate-nixd-aarch64-linux": "determinate-nixd-aarch64-linux",
        "determinate-nixd-x86_64-linux": "determinate-nixd-x86_64-linux",
        "nix": "nix",
        "nixpkgs": "nixpkgs_3"
      },
      "locked": {
        "lastModified": 1771014593,
        "narHash": "sha256-NrCFwn20ewJwy/SZoREs+XylerizPCYP54n9qkr31/E=",
        "rev": "69b4ff80ae2bbdd1e3f02ccd76a5f2988b118ed2",
        "revCount": 397,
        "type": "tarball",
        "url": "https://api.flakehub.com/f/pinned/DeterminateSystems/determinate/3.16.0/019c58b5-64dc-77f9-b913-8738b7d338cc/source.tar.gz"
      },
      "original": {
        "type": "tarball",
        "url": "https://flakehub.com/f/DeterminateSystems/determinate/%2A"
      }
    },
    "determinate-nixd-aarch64-darwin": {
      "flake": false,
      "locked": {
        "narHash": "sha256-PUo0u1iNMB8eTlBNFMCW8/UAn1sGKGqsIYlXaDRhx00=",
        "type": "file",
        "url": "https://install.determinate.systems/determinate-nixd/tag/v3.16.0/macOS"
      },
      "original": {
        "type": "file",
        "url": "https://install.determinate.systems/determinate-nixd/tag/v3.16.0/macOS"
      }
    },
    "determinate-nixd-aarch64-linux": {
      "flake": false,
      "locked": {
        "narHash": "sha256-jiIWiM88xkEpBQeohSxhl83fn2xoZY0nFkrW6CUAIAI=",
        "type": "file",
        "url": "https://install.determinate.systems/determinate-nixd/tag/v3.16.0/aarch64-linux"
      },
      "original": {
        "type": "file",
        "url": "https://install.determinate.systems/determinate-nixd/tag/v3.16.0/aarch64-linux"
      }
    },
    "determinate-nixd-x86_64-linux": {
      "flake": false,
      "locked": {
        "narHash": "sha256-qF/NNdHwh3tAHrKIOz2FRq5Q8GcSMzJeEY/PFvGf5vo=",
        "type": "file",
        "url": "https://install.determinate.systems/determinate-nixd/tag/v3.16.0/x86_64-linux"
      },
      "original": {
        "type": "file",
        "url": "https://install.determinate.systems/determinate-nixd/tag/v3.16.0/x86_64-linux"
      }
    },
    "disko": {
      "inputs": {
        "nixpkgs": [
          "nixpkgs"
        ]
      },
      "locked": {
        "lastModified": 1771324387,
        "narHash": "sha256-d2Yc/7k1P8aCZqaSq9Aa/oEEncIm78DYHwpanqP+Axg=",
        "owner": "nix-community",
        "repo": "disko",
        "rev": "6ef4eafa8ecbd67a096a552876752397f616a08f",
        "type": "github"
      },
      "original": {
        "owner": "nix-community",
        "repo": "disko",
        "type": "github"
      }
    },
    "dragon-xplr": {
      "flake": false,
      "locked": {
        "lastModified": 1673425908,
        "narHash": "sha256-FJbyu5kK78XiTJl0NNXcI0KPOdXOPwpbBCWPUEpu5zA=",
        "owner": "sayanarijit",
        "repo": "dragon.xplr",
        "rev": "5fbddcb33f7d75a5abd12d27223ac55589863335",
        "type": "github"
      },
      "original": {
        "owner": "sayanarijit",
        "repo": "dragon.xplr",
        "type": "github"
      }
    },
    "fenix": {
      "inputs": {
        "nixpkgs": [
          "birdeevim",
          "nixpkgs"
        ],
        "rust-analyzer-src": "rust-analyzer-src"
      },
      "locked": {
        "lastModified": 1772953398,
        "narHash": "sha256-fTTHCaEvPLzWyZFxPud/G9HM3pNYmW/64Kj58hdH4+k=",
        "owner": "nix-community",
        "repo": "fenix",
        "rev": "fc4863887d98fd879cf5f11af1d23d44d9bdd8ae",
        "type": "github"
      },
      "original": {
        "owner": "nix-community",
        "repo": "fenix",
        "type": "github"
      }
    },
    "flake-compat": {
      "flake": false,
      "locked": {
        "lastModified": 1733328505,
        "narHash": "sha256-NeCCThCEP3eCl2l/+27kNNK7QrwZB1IJCrXfrbv5oqU=",
        "owner": "edolstra",
        "repo": "flake-compat",
        "rev": "ff81ac966bb2cae68946d5ed5fc4994f96d0ffec",
        "type": "github"
      },
      "original": {
        "owner": "edolstra",
        "repo": "flake-compat",
        "type": "github"
      }
    },
    "flake-compat_2": {
      "flake": false,
      "locked": {
        "lastModified": 1696426674,
        "narHash": "sha256-kvjfFW7WAETZlt09AgDn1MrtKzP7t90Vf7vypd3OL1U=",
        "owner": "edolstra",
        "repo": "flake-compat",
        "rev": "0f9255e01c2351cc7d116c072cb317785dd33b33",
        "type": "github"
      },
      "original": {
        "owner": "edolstra",
        "repo": "flake-compat",
        "type": "github"
      }
    },
    "flake-compat_3": {
      "flake": false,
      "locked": {
        "lastModified": 1733328505,
        "narHash": "sha256-NeCCThCEP3eCl2l/+27kNNK7QrwZB1IJCrXfrbv5oqU=",
        "owner": "edolstra",
        "repo": "flake-compat",
        "rev": "ff81ac966bb2cae68946d5ed5fc4994f96d0ffec",
        "type": "github"
      },
      "original": {
        "owner": "edolstra",
        "repo": "flake-compat",
        "type": "github"
      }
    },
    "flake-parts": {
      "inputs": {
        "nixpkgs-lib": [
          "determinate",
          "nix",
          "nixpkgs"
        ]
      },
      "locked": {
        "lastModified": 1748821116,
        "narHash": "sha256-F82+gS044J1APL0n4hH50GYdPRv/5JWm34oCJYmVKdE=",
        "rev": "49f0870db23e8c1ca0b5259734a02cd9e1e371a1",
        "revCount": 377,
        "type": "tarball",
        "url": "https://api.flakehub.com/f/pinned/hercules-ci/flake-parts/0.1.377%2Brev-49f0870db23e8c1ca0b5259734a02cd9e1e371a1/01972f28-554a-73f8-91f4-d488cc502f08/source.tar.gz"
      },
      "original": {
        "type": "tarball",
        "url": "https://flakehub.com/f/hercules-ci/flake-parts/0.1"
      }
    },
    "flake-parts_2": {
      "inputs": {
        "nixpkgs-lib": [
          "nixpkgs"
        ]
      },
      "locked": {
        "lastModified": 1769996383,
        "narHash": "sha256-AnYjnFWgS49RlqX7LrC4uA+sCCDBj0Ry/WOJ5XWAsa0=",
        "owner": "hercules-ci",
        "repo": "flake-parts",
        "rev": "57928607ea566b5db3ad13af0e57e921e6b12381",
        "type": "github"
      },
      "original": {
        "owner": "hercules-ci",
        "repo": "flake-parts",
        "type": "github"
      }
    },
    "flake-parts_3": {
      "inputs": {
        "nixpkgs-lib": "nixpkgs-lib"
      },
      "locked": {
        "lastModified": 1751413152,
        "narHash": "sha256-Tyw1RjYEsp5scoigs1384gIg6e0GoBVjms4aXFfRssQ=",
        "owner": "hercules-ci",
        "repo": "flake-parts",
        "rev": "77826244401ea9de6e3bac47c2db46005e1f30b5",
        "type": "github"
      },
      "original": {
        "owner": "hercules-ci",
        "repo": "flake-parts",
        "type": "github"
      }
    },
    "flake-utils": {
      "inputs": {
        "systems": "systems"
      },
      "locked": {
        "lastModified": 1731533236,
        "narHash": "sha256-l0KFg5HjrsfsO/JpG+r7fRrqm12kzFHyUHqHCVpMMbI=",
        "owner": "numtide",
        "repo": "flake-utils",
        "rev": "11707dc2f618dd54ca8739b309ec4fc024de578b",
        "type": "github"
      },
      "original": {
        "owner": "numtide",
        "repo": "flake-utils",
        "type": "github"
      }
    },
    "fzf-xplr": {
      "flake": false,
      "locked": {
        "lastModified": 1693816942,
        "narHash": "sha256-dpnta67p3fYEO3/GdvFlqzdyiMaJ9WbsnNmoIRHweMI=",
        "owner": "sayanarijit",
        "repo": "fzf.xplr",
        "rev": "c8991f92946a7c8177d7f82ed939d845746ebaf5",
        "type": "github"
      },
      "original": {
        "owner": "sayanarijit",
        "repo": "fzf.xplr",
        "type": "github"
      }
    },
    "gac-src": {
      "flake": false,
      "locked": {
        "lastModified": 1771009011,
        "narHash": "sha256-nzzEw0GA4+MyXAnBGZj+p8DUd53yM9gVGdSjkrDidlE=",
        "owner": "cellwebb",
        "repo": "gac",
        "rev": "d9741dfb6e93acda2312013b936baffee63d0372",
        "type": "github"
      },
      "original": {
        "owner": "cellwebb",
        "repo": "gac",
        "type": "github"
      }
    },
    "git-hooks-nix": {
      "inputs": {
        "flake-compat": "flake-compat_2",
        "gitignore": [
          "determinate",
          "nix"
        ],
        "nixpkgs": [
          "determinate",
          "nix",
          "nixpkgs"
        ]
      },
      "locked": {
        "lastModified": 1747372754,
        "narHash": "sha256-2Y53NGIX2vxfie1rOW0Qb86vjRZ7ngizoo+bnXU9D9k=",
        "rev": "80479b6ec16fefd9c1db3ea13aeb038c60530f46",
        "revCount": 1026,
        "type": "tarball",
        "url": "https://api.flakehub.com/f/pinned/cachix/git-hooks.nix/0.1.1026%2Brev-80479b6ec16fefd9c1db3ea13aeb038c60530f46/0196d79a-1b35-7b8e-a021-c894fb62163d/source.tar.gz"
      },
      "original": {
        "type": "tarball",
        "url": "https://flakehub.com/f/cachix/git-hooks.nix/0.1.941"
      }
    },
    "gitignore": {
      "inputs": {
        "nixpkgs": [
          "templ",
          "nixpkgs"
        ]
      },
      "locked": {
        "lastModified": 1762808025,
        "narHash": "sha256-XmjITeZNMTQXGhhww6ed/Wacy2KzD6svioyCX7pkUu4=",
        "owner": "hercules-ci",
        "repo": "gitignore.nix",
        "rev": "cb5e3fdca1de58ccbc3ef53de65bd372b48f567c",
        "type": "github"
      },
      "original": {
        "owner": "hercules-ci",
        "repo": "gitignore.nix",
        "type": "github"
      }
    },
    "home-manager": {
      "inputs": {
        "nixpkgs": [
          "nixpkgs"
        ]
      },
      "locked": {
        "lastModified": 1771269455,
        "narHash": "sha256-BZ31eN5F99YH6vkc4AhzKGE+tJgJ52kl8f01K7wCs8w=",
        "owner": "nix-community",
        "repo": "home-manager",
        "rev": "5f1d42a97b19803041434f66681d5c44c9ae62e3",
        "type": "github"
      },
      "original": {
        "owner": "nix-community",
        "repo": "home-manager",
        "type": "github"
      }
    },
    "juan-logs-src": {
      "flake": false,
      "locked": {
        "lastModified": 1773028138,
        "narHash": "sha256-OtxgUzHn1QlyU6U6eSjW0QbGzjUclJjJTSkswWsz6IA=",
        "owner": "minigian",
        "repo": "juan-logs.nvim",
        "rev": "eb115a1fffeb6773aa538689bae63781907bba2a",
        "type": "github"
      },
      "original": {
        "owner": "minigian",
        "repo": "juan-logs.nvim",
        "type": "github"
      }
    },
    "manix": {
      "inputs": {
        "flake-utils": [
          "flake-utils"
        ],
        "naersk": "naersk",
        "nixpkgs": [
          "nixpkgs"
        ]
      },
      "locked": {
        "lastModified": 1752426284,
        "narHash": "sha256-yJvpC4e1tt59ISgtCX/hucflL/W48QrAmHU1s53Tzcw=",
        "owner": "nix-community",
        "repo": "manix",
        "rev": "8c6d1da893c4d64ab280453521017baa6fe08d12",
        "type": "github"
      },
      "original": {
        "owner": "nix-community",
        "repo": "manix",
        "type": "github"
      }
    },
    "maximizer": {
      "inputs": {
        "nixpkgs": [
          "nixpkgs"
        ]
      },
      "locked": {
        "lastModified": 1726937993,
        "narHash": "sha256-galCVghT3+OOgjWk5x/RtsJ/OHGhCkMbA+c7R6Y0Uos=",
        "owner": "BirdeeHub",
        "repo": "maximizer",
        "rev": "5b268db5d0cd6e55e633c0e4dc1e4a4d99a0cb70",
        "type": "github"
      },
      "original": {
        "owner": "BirdeeHub",
        "repo": "maximizer",
        "type": "github"
      }
    },
    "minesweeper": {
      "inputs": {
        "nixpkgs": [
          "nixpkgs"
        ]
      },
      "locked": {
        "lastModified": 1722096010,
        "narHash": "sha256-9+jZss+qZkCZEdYBGE0V4tjnhjXhJl73tJrPPTulV3k=",
        "owner": "BirdeeHub",
        "repo": "minesweeper",
        "rev": "041092b1eccb9d43ce964bd6f33b8712dcbf60aa",
        "type": "github"
      },
      "original": {
        "owner": "BirdeeHub",
        "repo": "minesweeper",
        "type": "github"
      }
    },
    "naersk": {
      "inputs": {
        "nixpkgs": "nixpkgs_4"
      },
      "locked": {
        "lastModified": 1698420672,
        "narHash": "sha256-/TdeHMPRjjdJub7p7+w55vyABrsJlt5QkznPYy55vKA=",
        "owner": "nix-community",
        "repo": "naersk",
        "rev": "aeb58d5e8faead8980a807c840232697982d47b9",
        "type": "github"
      },
      "original": {
        "owner": "nix-community",
        "repo": "naersk",
        "type": "github"
      }
    },
    "neovim-nightly-overlay": {
      "inputs": {
        "flake-parts": [
          "birdeevim",
          "flake-parts"
        ],
        "neovim-src": "neovim-src",
        "nixpkgs": [
          "birdeevim",
          "nixpkgs"
        ]
      },
      "locked": {
        "lastModified": 1773014724,
        "narHash": "sha256-foUFwEwhjSnjJVD6gkiR2SlaYhvzV9bwsUQlLUu2DjQ=",
        "owner": "nix-community",
        "repo": "neovim-nightly-overlay",
        "rev": "b955e58bea690fdbfc20ff7c249e481ca169ca33",
        "type": "github"
      },
      "original": {
        "owner": "nix-community",
        "repo": "neovim-nightly-overlay",
        "type": "github"
      }
    },
    "neovim-src": {
      "flake": false,
      "locked": {
        "lastModified": 1773014294,
        "narHash": "sha256-JLAIrpQTp8u6blb5iZrAx36fNe65LT+JOUvxiLxlN+8=",
        "owner": "neovim",
        "repo": "neovim",
        "rev": "61f166ec409b7621fcc42e4da40d6ccb19973749",
        "type": "github"
      },
      "original": {
        "owner": "neovim",
        "repo": "neovim",
        "type": "github"
      }
    },
    "nix": {
      "inputs": {
        "flake-parts": "flake-parts",
        "git-hooks-nix": "git-hooks-nix",
        "nixpkgs": "nixpkgs_2",
        "nixpkgs-23-11": "nixpkgs-23-11",
        "nixpkgs-regression": "nixpkgs-regression"
      },
      "locked": {
        "lastModified": 1771010067,
        "narHash": "sha256-Itk88UC3CxjGjjAb20KI6KrM9tRoGEpbv996fXwAWGo=",
        "rev": "5c670e37e884c43e1da0405075c9b9c83d316a6c",
        "revCount": 24629,
        "type": "tarball",
        "url": "https://api.flakehub.com/f/pinned/DeterminateSystems/nix-src/3.16.0/019c589d-45e9-7337-9ff0-a8d78fecf63f/source.tar.gz"
      },
      "original": {
        "type": "tarball",
        "url": "https://flakehub.com/f/DeterminateSystems/nix-src/%2A"
      }
    },
    "nix-appimage": {
      "inputs": {
        "flake-compat": "flake-compat_3",
        "flake-utils": [
          "flake-utils"
        ],
        "nixpkgs": [
          "nixpkgs"
        ]
      },
      "locked": {
        "lastModified": 1757920913,
        "narHash": "sha256-jd0QwCVz4O1sHHkeaZILD/7D6oyalceEJ4EFnWCgm0k=",
        "owner": "ralismark",
        "repo": "nix-appimage",
        "rev": "7946addbc0d97e358a6d7aefe5e82310f0fe6b18",
        "type": "github"
      },
      "original": {
        "owner": "ralismark",
        "repo": "nix-appimage",
        "type": "github"
      }
    },
    "nixToLua": {
      "locked": {
        "lastModified": 1748756411,
        "narHash": "sha256-jmfRRsxCVV+/2KnDVrMG/RBKFOARDpSrYICqQ6vnSjw=",
        "owner": "BirdeeHub",
        "repo": "nixtoLua",
        "rev": "a701038ccfe76833f678e3c643a2b0f4291c1cea",
        "type": "github"
      },
      "original": {
        "owner": "BirdeeHub",
        "repo": "nixtoLua",
        "type": "github"
      }
    },
    "nixos-hardware": {
      "locked": {
        "lastModified": 1771257191,
        "narHash": "sha256-H1l+zHq+ZinWH7F1IidpJ2farmbfHXjaxAm1RKWE1KI=",
        "owner": "NixOS",
        "repo": "nixos-hardware",
        "rev": "66e1a090ded57a0f88e2b381a7d4daf4a5722c3f",
        "type": "github"
      },
      "original": {
        "owner": "NixOS",
        "repo": "nixos-hardware",
        "type": "github"
      }
    },
    "nixos-hardware-old": {
      "locked": {
        "lastModified": 1724575805,
        "narHash": "sha256-OB/kEL3GAhUZmUfkbPfsPhKs0pRqJKs0EEBiLfyKZw8=",
        "owner": "NixOS",
        "repo": "nixos-hardware",
        "rev": "9fc19be21f0807d6be092d70bf0b1de0c00ac895",
        "type": "github"
      },
      "original": {
        "owner": "NixOS",
        "repo": "nixos-hardware",
        "rev": "9fc19be21f0807d6be092d70bf0b1de0c00ac895",
        "type": "github"
      }
    },
    "nixpkgs": {
      "locked": {
        "lastModified": 1722403750,
        "narHash": "sha256-tRmn6UiFAPX0m9G1AVcEPjWEOc9BtGsxGcs7Bz3MpsM=",
        "owner": "nixos",
        "repo": "nixpkgs",
        "rev": "184957277e885c06a505db112b35dfbec7c60494",
        "type": "github"
      },
      "original": {
        "owner": "nixos",
        "repo": "nixpkgs",
        "rev": "184957277e885c06a505db112b35dfbec7c60494",
        "type": "github"
      }
    },
    "nixpkgs-23-11": {
      "locked": {
        "lastModified": 1717159533,
        "narHash": "sha256-oamiKNfr2MS6yH64rUn99mIZjc45nGJlj9eGth/3Xuw=",
        "owner": "NixOS",
        "repo": "nixpkgs",
        "rev": "a62e6edd6d5e1fa0329b8653c801147986f8d446",
        "type": "github"
      },
      "original": {
        "owner": "NixOS",
        "repo": "nixpkgs",
        "rev": "a62e6edd6d5e1fa0329b8653c801147986f8d446",
        "type": "github"
      }
    },
    "nixpkgs-lib": {
      "locked": {
        "lastModified": 1751159883,
        "narHash": "sha256-urW/Ylk9FIfvXfliA1ywh75yszAbiTEVgpPeinFyVZo=",
        "owner": "nix-community",
        "repo": "nixpkgs.lib",
        "rev": "14a40a1d7fb9afa4739275ac642ed7301a9ba1ab",
        "type": "github"
      },
      "original": {
        "owner": "nix-community",
        "repo": "nixpkgs.lib",
        "type": "github"
      }
    },
    "nixpkgs-regression": {
      "locked": {
        "lastModified": 1643052045,
        "narHash": "sha256-uGJ0VXIhWKGXxkeNnq4TvV3CIOkUJ3PAoLZ3HMzNVMw=",
        "owner": "NixOS",
        "repo": "nixpkgs",
        "rev": "215d4d0fd80ca5163643b03a33fde804a29cc1e2",
        "type": "github"
      },
      "original": {
        "owner": "NixOS",
        "repo": "nixpkgs",
        "rev": "215d4d0fd80ca5163643b03a33fde804a29cc1e2",
        "type": "github"
      }
    },
    "nixpkgsLocked": {
      "locked": {
        "lastModified": 1718149104,
        "narHash": "sha256-Ds1QpobBX2yoUDx9ZruqVGJ/uQPgcXoYuobBguyKEh8=",
        "owner": "nixos",
        "repo": "nixpkgs",
        "rev": "e913ae340076bbb73d9f4d3d065c2bca7caafb16",
        "type": "github"
      },
      "original": {
        "owner": "nixos",
        "repo": "nixpkgs",
        "rev": "e913ae340076bbb73d9f4d3d065c2bca7caafb16",
        "type": "github"
      }
    },
    "nixpkgsOLD": {
      "locked": {
        "lastModified": 1724395761,
        "narHash": "sha256-zRkDV/nbrnp3Y8oCADf5ETl1sDrdmAW6/bBVJ8EbIdQ=",
        "owner": "nixos",
        "repo": "nixpkgs",
        "rev": "ae815cee91b417be55d43781eb4b73ae1ecc396c",
        "type": "github"
      },
      "original": {
        "owner": "nixos",
        "repo": "nixpkgs",
        "rev": "ae815cee91b417be55d43781eb4b73ae1ecc396c",
        "type": "github"
      }
    },
    "nixpkgs_2": {
      "locked": {
        "lastModified": 1761597516,
        "narHash": "sha256-wxX7u6D2rpkJLWkZ2E932SIvDJW8+ON/0Yy8+a5vsDU=",
        "rev": "daf6dc47aa4b44791372d6139ab7b25269184d55",
        "revCount": 811874,
        "type": "tarball",
        "url": "https://api.flakehub.com/f/pinned/NixOS/nixpkgs/0.2505.811874%2Brev-daf6dc47aa4b44791372d6139ab7b25269184d55/019a3494-3498-707e-9086-1fb81badc7fe/source.tar.gz"
      },
      "original": {
        "type": "tarball",
        "url": "https://flakehub.com/f/NixOS/nixpkgs/0.2505"
      }
    },
    "nixpkgs_3": {
      "locked": {
        "lastModified": 1770537093,
        "narHash": "sha256-pF1quXG5wsgtyuPOHcLfYg/ft/QMr8NnX0i6tW2187s=",
        "rev": "fef9403a3e4d31b0a23f0bacebbec52c248fbb51",
        "revCount": 942631,
        "type": "tarball",
        "url": "https://api.flakehub.com/f/pinned/DeterminateSystems/nixpkgs-weekly/0.1.942631%2Brev-fef9403a3e4d31b0a23f0bacebbec52c248fbb51/019c4621-ce4f-799f-82f6-b3b29f099b09/source.tar.gz"
      },
      "original": {
        "type": "tarball",
        "url": "https://flakehub.com/f/DeterminateSystems/nixpkgs-weekly/0.1"
      }
    },
    "nixpkgs_4": {
      "locked": {
        "lastModified": 1706173671,
        "narHash": "sha256-lciR7kQUK2FCAYuszyd7zyRRmTaXVeoZsCyK6QFpGdk=",
        "owner": "NixOS",
        "repo": "nixpkgs",
        "rev": "4fddc9be4eaf195d631333908f2a454b03628ee5",
        "type": "github"
      },
      "original": {
        "id": "nixpkgs",
        "type": "indirect"
      }
    },
    "nixpkgs_5": {
      "locked": {
        "lastModified": 1771177547,
        "narHash": "sha256-trTtk3WTOHz7hSw89xIIvahkgoFJYQ0G43IlqprFoMA=",
        "owner": "nixos",
        "repo": "nixpkgs",
        "rev": "ac055f38c798b0d87695240c7b761b82fc7e5bc2",
        "type": "github"
      },
      "original": {
        "owner": "nixos",
        "ref": "nixpkgs-unstable",
        "repo": "nixpkgs",
        "type": "github"
      }
    },
    "nsearch": {
      "inputs": {
        "flake-parts": "flake-parts_3",
        "nixpkgs": [
          "nixpkgs"
        ]
      },
      "locked": {
        "lastModified": 1753169203,
        "narHash": "sha256-rCO7cY4HZcjWhR0QN5yO9IagXZHbts6gVopSrA6CSBM=",
        "owner": "niksingh710",
        "repo": "nsearch",
        "rev": "739d58f53a22c9ed70561cbbfb486d75fda7ac82",
        "type": "github"
      },
      "original": {
        "owner": "niksingh710",
        "repo": "nsearch",
        "type": "github"
      }
    },
    "nur": {
      "inputs": {
        "flake-parts": [
          "flake-parts"
        ],
        "nixpkgs": [
          "nixpkgs"
        ]
      },
      "locked": {
        "lastModified": 1771332887,
        "narHash": "sha256-aPx7nSu13WteBfIz+ydx0fyoNNOziXeJoQIuHqfYbCk=",
        "owner": "nix-community",
        "repo": "nur",
        "rev": "7f0c22ef4603a67e6f392f653fa460715a1bc4f3",
        "type": "github"
      },
      "original": {
        "owner": "nix-community",
        "repo": "nur",
        "type": "github"
      }
    },
    "plugins-argmark": {
      "flake": false,
      "locked": {
        "lastModified": 1762305486,
        "narHash": "sha256-n4msk2ZFVfio5+9+LUGmTru4s11xuwnrZxPlXKXOYF4=",
        "owner": "BirdeeHub",
        "repo": "argmark",
        "rev": "abe66e41a12c000b425f6ee156931c4714b3919e",
        "type": "github"
      },
      "original": {
        "owner": "BirdeeHub",
        "repo": "argmark",
        "type": "github"
      }
    },
    "plugins-fn_finder": {
      "flake": false,
      "locked": {
        "lastModified": 1771976934,
        "narHash": "sha256-ivK9LNLRMmyk4kClnOoaxAKL3tPsWLq5mF69GHJeJCc=",
        "owner": "BirdeeHub",
        "repo": "fn_finder",
        "rev": "90ebc98c1dc49c9da59291b640f1893e3e48b81b",
        "type": "github"
      },
      "original": {
        "owner": "BirdeeHub",
        "repo": "fn_finder",
        "type": "github"
      }
    },
    "plugins-lze": {
      "flake": false,
      "locked": {
        "lastModified": 1772949858,
        "narHash": "sha256-skLhmn/MvxOZbrBiceF/xiLRRmmEs6ZQS2sGrBrUyLU=",
        "owner": "BirdeeHub",
        "repo": "lze",
        "rev": "a3ba1a2d469d4ab26acb629aba8c7d70a6cbe558",
        "type": "github"
      },
      "original": {
        "owner": "BirdeeHub",
        "repo": "lze",
        "type": "github"
      }
    },
    "plugins-lzextras": {
      "flake": false,
      "locked": {
        "lastModified": 1772949841,
        "narHash": "sha256-MQ1h2R5axM3u6mLNTDzXF/40o8+U0JOWb48UTQO9jfc=",
        "owner": "BirdeeHub",
        "repo": "lzextras",
        "rev": "a6ac9a7bee380881af2dfbfd238ccb1697d677d7",
        "type": "github"
      },
      "original": {
        "owner": "BirdeeHub",
        "repo": "lzextras",
        "type": "github"
      }
    },
    "plugins-nvim-lspconfig": {
      "flake": false,
      "locked": {
        "lastModified": 1772811357,
        "narHash": "sha256-WengoBOPLPPbisq7oosZ2aG8ATHwuSLxYeIT24/C9po=",
        "owner": "neovim",
        "repo": "nvim-lspconfig",
        "rev": "2163c54bb6cfec53e3e555665ada945b8c8331b9",
        "type": "github"
      },
      "original": {
        "owner": "neovim",
        "repo": "nvim-lspconfig",
        "type": "github"
      }
    },
    "plugins-nvim-luaref": {
      "flake": false,
      "locked": {
        "lastModified": 1645064202,
        "narHash": "sha256-nmsKg1Ah67fhGzevTFMlncwLX9gN0JkR7Woi0T5On34=",
        "owner": "milisims",
        "repo": "nvim-luaref",
        "rev": "9cd3ed50d5752ffd56d88dd9e395ddd3dc2c7127",
        "type": "github"
      },
      "original": {
        "owner": "milisims",
        "repo": "nvim-luaref",
        "type": "github"
      }
    },
    "plugins-opencode-nvim": {
      "flake": false,
      "locked": {
        "lastModified": 1772989697,
        "narHash": "sha256-xxB6TKn0Nv9GoYc7Mz+rhAUX8OXaHSkD3zZzFgSSHkQ=",
        "owner": "NickvanDyke",
        "repo": "opencode.nvim",
        "rev": "47f92ab676bf1c3d00a40100429c7b089f81a5fc",
        "type": "github"
      },
      "original": {
        "owner": "NickvanDyke",
        "repo": "opencode.nvim",
        "type": "github"
      }
    },
    "plugins-rustaceanvim": {
      "flake": false,
      "locked": {
        "lastModified": 1772653557,
        "narHash": "sha256-7UTu+AKuGqPqZzM1WJ9s4qQklE27LEilaHO9vpCgC1o=",
        "owner": "mrcjkb",
        "repo": "rustaceanvim",
        "rev": "f2f0c1231a5b019dbc1fd6dafac1751c878925a3",
        "type": "github"
      },
      "original": {
        "owner": "mrcjkb",
        "repo": "rustaceanvim",
        "type": "github"
      }
    },
    "plugins-shelua": {
      "flake": false,
      "locked": {
        "lastModified": 1772949822,
        "narHash": "sha256-wYhT0J6O4Ugh6e4UiOnvVqtFJeQLZ6zDpQUG1O8Xl7E=",
        "owner": "BirdeeHub",
        "repo": "shelua",
        "rev": "8e5edd625b2aeb03e2b53299f70ff556d0229387",
        "type": "github"
      },
      "original": {
        "owner": "BirdeeHub",
        "repo": "shelua",
        "type": "github"
      }
    },
    "plugins-snacks-nvim": {
      "flake": false,
      "locked": {
        "lastModified": 1772353340,
        "narHash": "sha256-987hqjUll8ICGC6NRP2AKGNVpZODejyiwcVAecdKGl8=",
        "owner": "folke",
        "repo": "snacks.nvim",
        "rev": "9912042fc8bca2209105526ac7534e9a0c2071b2",
        "type": "github"
      },
      "original": {
        "owner": "folke",
        "repo": "snacks.nvim",
        "type": "github"
      }
    },
    "plugins-tmux-navigate": {
      "flake": false,
      "locked": {
        "lastModified": 1665505688,
        "narHash": "sha256-Rn/rIbFx2zCyzvLZmbf7q1nF97Yi9dONUDv1QDcscxo=",
        "owner": "sunaku",
        "repo": "tmux-navigate",
        "rev": "27c83cd229bceff55e6318cce7945995623a6106",
        "type": "github"
      },
      "original": {
        "owner": "sunaku",
        "repo": "tmux-navigate",
        "type": "github"
      }
    },
    "plugins-visual-whitespace": {
      "flake": false,
      "locked": {
        "lastModified": 1771715155,
        "narHash": "sha256-svKfA9p6WC6k3kbxG4TJxe2r0xpRPdbNTVk2PZcPAiY=",
        "owner": "mcauley-penney",
        "repo": "visual-whitespace.nvim",
        "rev": "49ff2b1c572ed7033a584381fa23aad2bf3bb258",
        "type": "github"
      },
      "original": {
        "owner": "mcauley-penney",
        "repo": "visual-whitespace.nvim",
        "type": "github"
      }
    },
    "pyproject-build-systems": {
      "inputs": {
        "nixpkgs": [
          "nixpkgs"
        ],
        "pyproject-nix": [
          "pyproject-nix"
        ],
        "uv2nix": [
          "uv2nix"
        ]
      },
      "locked": {
        "lastModified": 1771039651,
        "narHash": "sha256-WZOfX4APbc6vmL14ZWJXgBeRfEER8H+OIX0D0nSmv0M=",
        "owner": "pyproject-nix",
        "repo": "build-system-pkgs",
        "rev": "69bc2b53b79cbd6ce9f66f506fc962b45b5e68b9",
        "type": "github"
      },
      "original": {
        "owner": "pyproject-nix",
        "repo": "build-system-pkgs",
        "type": "github"
      }
    },
    "pyproject-nix": {
      "inputs": {
        "nixpkgs": [
          "nixpkgs"
        ]
      },
      "locked": {
        "lastModified": 1769936401,
        "narHash": "sha256-kwCOegKLZJM9v/e/7cqwg1p/YjjTAukKPqmxKnAZRgA=",
        "owner": "pyproject-nix",
        "repo": "pyproject.nix",
        "rev": "b0d513eeeebed6d45b4f2e874f9afba2021f7812",
        "type": "github"
      },
      "original": {
        "owner": "pyproject-nix",
        "repo": "pyproject.nix",
        "type": "github"
      }
    },
    "roc": {
      "inputs": {
        "flake-compat": "flake-compat",
        "flake-utils": [
          "birdeevim",
          "flake-utils"
        ],
        "nixpkgs": "nixpkgs",
        "rust-overlay": "rust-overlay"
      },
      "locked": {
        "lastModified": 1772814877,
        "narHash": "sha256-x/Z6E5r1au+2iPFuPtGuxk330rrVi9v9HliYKvT6yU8=",
        "owner": "roc-lang",
        "repo": "roc",
        "rev": "e19771d22b36f09c1f5a488d3878cb575f475075",
        "type": "github"
      },
      "original": {
        "owner": "roc-lang",
        "repo": "roc",
        "type": "github"
      }
    },
    "root": {
      "inputs": {
        "antifennel": "antifennel",
        "birdeevim": "birdeevim",
        "command-mode-xplr": "command-mode-xplr",
        "determinate": "determinate",
        "disko": "disko",
        "dragon-xplr": "dragon-xplr",
        "flake-parts": "flake-parts_2",
        "flake-utils": "flake-utils",
        "fzf-xplr": "fzf-xplr",
        "gac-src": "gac-src",
        "home-manager": "home-manager",
        "manix": "manix",
        "maximizer": "maximizer",
        "minesweeper": "minesweeper",
        "nix-appimage": "nix-appimage",
        "nixToLua": "nixToLua",
        "nixos-hardware": "nixos-hardware",
        "nixos-hardware-old": "nixos-hardware-old",
        "nixpkgs": "nixpkgs_5",
        "nixpkgsLocked": "nixpkgsLocked",
        "nixpkgsOLD": "nixpkgsOLD",
        "nsearch": "nsearch",
        "nur": "nur",
        "pyproject-build-systems": "pyproject-build-systems",
        "pyproject-nix": "pyproject-nix",
        "shelua": "shelua",
        "templ": "templ",
        "term-xplr": "term-xplr",
        "tmux-navigate-src": "tmux-navigate-src",
        "tree-view-xplr": "tree-view-xplr",
        "uv2nix": "uv2nix",
        "wrappers": "wrappers"
      }
    },
    "rust-analyzer-src": {
      "flake": false,
      "locked": {
        "lastModified": 1772877513,
        "narHash": "sha256-RcRGv2Bng5I9y75XwFX7oK2l6mLH1dtbTTG9U8qun0c=",
        "owner": "rust-lang",
        "repo": "rust-analyzer",
        "rev": "a1b86d600f88be98643e5dd61d6ed26eda17c09e",
        "type": "github"
      },
      "original": {
        "owner": "rust-lang",
        "ref": "nightly",
        "repo": "rust-analyzer",
        "type": "github"
      }
    },
    "rust-overlay": {
      "inputs": {
        "nixpkgs": [
          "birdeevim",
          "roc",
          "nixpkgs"
        ]
      },
      "locked": {
        "lastModified": 1736303309,
        "narHash": "sha256-IKrk7RL+Q/2NC6+Ql6dwwCNZI6T6JH2grTdJaVWHF0A=",
        "owner": "oxalica",
        "repo": "rust-overlay",
        "rev": "a0b81d4fa349d9af1765b0f0b4a899c13776f706",
        "type": "github"
      },
      "original": {
        "owner": "oxalica",
        "repo": "rust-overlay",
        "type": "github"
      }
    },
    "shelua": {
      "inputs": {
        "n2l": [
          "nixToLua"
        ],
        "nixpkgs": [
          "nixpkgs"
        ]
      },
      "locked": {
        "lastModified": 1771245757,
        "narHash": "sha256-9ulwYXWphWOLxbtzRgzJm0PWlYRXFdgMXfCi2PZK4Qg=",
        "owner": "BirdeeHub",
        "repo": "shelua",
        "rev": "2ac422894b8e233e86beae627b632305ca3fda70",
        "type": "github"
      },
      "original": {
        "owner": "BirdeeHub",
        "repo": "shelua",
        "type": "github"
      }
    },
    "systems": {
      "locked": {
        "lastModified": 1681028828,
        "narHash": "sha256-Vy1rq5AaRuLzOxct8nz4T6wlgyUR7zLU309k9mBC768=",
        "owner": "nix-systems",
        "repo": "default",
        "rev": "da67096a3b9bf56a91d16901293e51ba5b49a27e",
        "type": "github"
      },
      "original": {
        "owner": "nix-systems",
        "repo": "default",
        "type": "github"
      }
    },
    "templ": {
      "inputs": {
        "gitignore": "gitignore",
        "nixpkgs": [
          "nixpkgs"
        ],
        "nixpkgs-unstable": [
          "nixpkgs"
        ],
        "version": "version"
      },
      "locked": {
        "lastModified": 1771176507,
        "narHash": "sha256-EP6p3UdJnSYCuH00p7SFer1NqLHK7VdbwqPWg5ZL4iA=",
        "owner": "a-h",
        "repo": "templ",
        "rev": "60fc376807d3fa3c80f86e90da762e62f191a71f",
        "type": "github"
      },
      "original": {
        "owner": "a-h",
        "repo": "templ",
        "type": "github"
      }
    },
    "term-xplr": {
      "flake": false,
      "locked": {
        "lastModified": 1671274740,
        "narHash": "sha256-bnSyHqIbit4ttMNERTnR/gZneRdPr6DJbS2ET39Umb8=",
        "owner": "dtomvan",
        "repo": "term.xplr",
        "rev": "870736bb2ca4635de06b8986e761baaf705eb2a7",
        "type": "github"
      },
      "original": {
        "owner": "dtomvan",
        "repo": "term.xplr",
        "type": "github"
      }
    },
    "tmux-navigate-src": {
      "flake": false,
      "locked": {
        "lastModified": 1665505688,
        "narHash": "sha256-Rn/rIbFx2zCyzvLZmbf7q1nF97Yi9dONUDv1QDcscxo=",
        "owner": "sunaku",
        "repo": "tmux-navigate",
        "rev": "27c83cd229bceff55e6318cce7945995623a6106",
        "type": "github"
      },
      "original": {
        "owner": "sunaku",
        "repo": "tmux-navigate",
        "type": "github"
      }
    },
    "tomlua": {
      "inputs": {
        "nixpkgs": [
          "birdeevim",
          "nixpkgs"
        ]
      },
      "locked": {
        "lastModified": 1772953536,
        "narHash": "sha256-zwB7SDc39iWX0gwdueL1L1FJZ8vlpgrQvs9lUMJzCoI=",
        "owner": "BirdeeHub",
        "repo": "tomlua",
        "rev": "e95a9486e44ad44f6d1ae66377d257b649a9a6c3",
        "type": "github"
      },
      "original": {
        "owner": "BirdeeHub",
        "repo": "tomlua",
        "type": "github"
      }
    },
    "tree-view-xplr": {
      "flake": false,
      "locked": {
        "lastModified": 1704284021,
        "narHash": "sha256-v9KDupi5l3F+Oa5X6pc/Qz9EhaFIrnQK5sckjne/kIU=",
        "owner": "sayanarijit",
        "repo": "tree-view.xplr",
        "rev": "eeba82a862ca296db253d7319caf730ce1f034c2",
        "type": "github"
      },
      "original": {
        "owner": "sayanarijit",
        "repo": "tree-view.xplr",
        "type": "github"
      }
    },
    "uv2nix": {
      "inputs": {
        "nixpkgs": [
          "nixpkgs"
        ],
        "pyproject-nix": [
          "pyproject-nix"
        ]
      },
      "locked": {
        "lastModified": 1771259686,
        "narHash": "sha256-O34HrN/xFBcKtp6zCxb6KTloF0N9oZe3Y7zf5DMtoik=",
        "owner": "pyproject-nix",
        "repo": "uv2nix",
        "rev": "b28d091e5e14c5c1d9d4860558103defaca52284",
        "type": "github"
      },
      "original": {
        "owner": "pyproject-nix",
        "repo": "uv2nix",
        "type": "github"
      }
    },
    "version": {
      "inputs": {
        "nixpkgs": [
          "templ",
          "nixpkgs"
        ]
      },
      "locked": {
        "lastModified": 1749991223,
        "narHash": "sha256-K6OM2m+Bdkbq7MvTIwI1t0aPIwmkLUDeUfev5VHpiwg=",
        "owner": "a-h",
        "repo": "version",
        "rev": "da721166410c6e7e2bea37cf3dee3948b5d0c83f",
        "type": "github"
      },
      "original": {
        "owner": "a-h",
        "ref": "0.0.10",
        "repo": "version",
        "type": "github"
      }
    },
    "wrappers": {
      "inputs": {
        "nixpkgs": [
          "nixpkgs"
        ]
      },
      "locked": {
        "lastModified": 1773106882,
        "narHash": "sha256-Fwj6U+CuVQtXDNJeOWOqHUmNmBlTeNxuaA1knbyzQc8=",
        "owner": "BirdeeHub",
        "repo": "nix-wrapper-modules",
        "rev": "b485665d7d1be76d17ae3b6cc2603ed4e1bb089a",
        "type": "github"
      },
      "original": {
        "owner": "BirdeeHub",
        "repo": "nix-wrapper-modules",
        "type": "github"
      }
    }
  },
  "root": "root",
  "version": 7
}
